
Microsoft Visual Studio Solution File, Format Version 12.00
# Visual Studio Version 17
VisualStudioVersion = 17.6.33723.286
MinimumVisualStudioVersion = 10.0.40219.1
Project("{FAE04EC0-301F-11D3-BF4B-00C04F79EFBC}") = "ClipboardCollector", "..\ClipboardCollector_New\ClipboardCollector.csproj", "{CE3918C3-3486-4D3F-8149-8A52B668CD0F}"
EndProject
Global
	GlobalSection(SolutionConfigurationPlatforms) = preSolution
		Debug|Any CPU = Debug|Any CPU
		Release|Any CPU = Release|Any CPU
	EndGlobalSection
	GlobalSection(ProjectConfigurationPlatforms) = postSolution
		{CE3918C3-3486-4D3F-8149-8A52B668CD0F}.Debug|Any CPU.ActiveCfg = Debug|Any CPU
		{CE3918C3-3486-4D3F-8149-8A52B668CD0F}.Debug|Any CPU.Build.0 = Debug|Any CPU
		{CE3918C3-3486-4D3F-8149-8A52B668CD0F}.Release|Any CPU.ActiveCfg = Release|Any CPU
		{CE3918C3-3486-4D3F-8149-8A52B668CD0F}.Release|Any CPU.Build.0 = Release|Any CPU
	EndGlobalSection
	GlobalSection(SolutionProperties) = preSolution
		HideSolutionNode = FALSE
	EndGlobalSection
	GlobalSection(ExtensibilityGlobals) = postSolution
		SolutionGuid = {0E9DDC51-128C-4248-8772-C0B3E312D739}
	EndGlobalSection
EndGlobal
